// !$*UTF8*$!
{
	archiveVersion = 1;
	classes = {
	};
	objectVersion = 46;
	objects = {

/* Begin PBXBuildFile section */
		7B289B2E1649257700600696 /* TAMenuViewController.m in Sources */ = {isa = PBXBuildFile; fileRef = 7B289B2C1649257700600696 /* TAMenuViewController.m */; };
		7B289B2F1649257700600696 /* TAMenuViewController.xib in Resources */ = {isa = PBXBuildFile; fileRef = 7B289B2D1649257700600696 /* TAMenuViewController.xib */; };
		7B289B391649342800600696 /* TAQAViewController.m in Sources */ = {isa = PBXBuildFile; fileRef = 7B289B371649342700600696 /* TAQAViewController.m */; };
		7B289B3A1649342800600696 /* TAQAViewController.xib in Resources */ = {isa = PBXBuildFile; fileRef = 7B289B381649342700600696 /* TAQAViewController.xib */; };
		7B289B3E1649345E00600696 /* TAASKViewController.m in Sources */ = {isa = PBXBuildFile; fileRef = 7B289B3C1649345E00600696 /* TAASKViewController.m */; };
		7B289B3F1649345E00600696 /* TAASKViewController.xib in Resources */ = {isa = PBXBuildFile; fileRef = 7B289B3D1649345E00600696 /* TAASKViewController.xib */; };
		7B289B43164934A700600696 /* TAPollViewController.m in Sources */ = {isa = PBXBuildFile; fileRef = 7B289B41164934A700600696 /* TAPollViewController.m */; };
		7B289B44164934A700600696 /* TAPollViewController.xib in Resources */ = {isa = PBXBuildFile; fileRef = 7B289B42164934A700600696 /* TAPollViewController.xib */; };
		7B45B8E6164E4C6500638269 /* TARegistViewController.m in Sources */ = {isa = PBXBuildFile; fileRef = 7B45B8E4164E4C6500638269 /* TARegistViewController.m */; };
		7B45B8E7164E4C6500638269 /* TARegistViewController.xib in Resources */ = {isa = PBXBuildFile; fileRef = 7B45B8E5164E4C6500638269 /* TARegistViewController.xib */; };
		7B8C5ED2164F82DC008A7B53 /* libUnittWebSocketClient 23-19-17-057.a in Frameworks */ = {isa = PBXBuildFile; fileRef = 7B8C5ED1164F82DC008A7B53 /* libUnittWebSocketClient 23-19-17-057.a */; };
		7B8C5ED4164F82E2008A7B53 /* libUnittWebSocketClient.a in Frameworks */ = {isa = PBXBuildFile; fileRef = 7B8C5ED3164F82E2008A7B53 /* libUnittWebSocketClient.a */; };
		7B92BA71165B2119002871D9 /* TALogTestViewController.m in Sources */ = {isa = PBXBuildFile; fileRef = 7B92BA6F165B2119002871D9 /* TALogTestViewController.m */; };
		7B92BA72165B2119002871D9 /* TALogTestViewController.xib in Resources */ = {isa = PBXBuildFile; fileRef = 7B92BA70165B2119002871D9 /* TALogTestViewController.xib */; };
		7BBDA3511647B6D8007A04AE /* UIKit.framework in Frameworks */ = {isa = PBXBuildFile; fileRef = 7BBDA3501647B6D8007A04AE /* UIKit.framework */; };
		7BBDA3531647B6D8007A04AE /* Foundation.framework in Frameworks */ = {isa = PBXBuildFile; fileRef = 7BBDA3521647B6D8007A04AE /* Foundation.framework */; };
		7BBDA3551647B6D8007A04AE /* CoreGraphics.framework in Frameworks */ = {isa = PBXBuildFile; fileRef = 7BBDA3541647B6D8007A04AE /* CoreGraphics.framework */; };
		7BBDA35B1647B6D8007A04AE /* InfoPlist.strings in Resources */ = {isa = PBXBuildFile; fileRef = 7BBDA3591647B6D8007A04AE /* InfoPlist.strings */; };
		7BBDA35D1647B6D8007A04AE /* main.m in Sources */ = {isa = PBXBuildFile; fileRef = 7BBDA35C1647B6D8007A04AE /* main.m */; };
		7BBDA3611647B6D8007A04AE /* TAAppDelegate.m in Sources */ = {isa = PBXBuildFile; fileRef = 7BBDA3601647B6D8007A04AE /* TAAppDelegate.m */; };
		7BBDA3631647B6D8007A04AE /* Default.png in Resources */ = {isa = PBXBuildFile; fileRef = 7BBDA3621647B6D8007A04AE /* Default.png */; };
		7BBDA3651647B6D8007A04AE /* Default@2x.png in Resources */ = {isa = PBXBuildFile; fileRef = 7BBDA3641647B6D8007A04AE /* Default@2x.png */; };
		7BBDA3671647B6D8007A04AE /* Default-568h@2x.png in Resources */ = {isa = PBXBuildFile; fileRef = 7BBDA3661647B6D8007A04AE /* Default-568h@2x.png */; };
		7BBDA36A1647B6D8007A04AE /* TAViewController.m in Sources */ = {isa = PBXBuildFile; fileRef = 7BBDA3691647B6D8007A04AE /* TAViewController.m */; };
		7BBDA36D1647B6D8007A04AE /* TAViewController.xib in Resources */ = {isa = PBXBuildFile; fileRef = 7BBDA36B1647B6D8007A04AE /* TAViewController.xib */; };
		7BBDA3751647B6D8007A04AE /* SenTestingKit.framework in Frameworks */ = {isa = PBXBuildFile; fileRef = 7BBDA3741647B6D8007A04AE /* SenTestingKit.framework */; };
		7BBDA3761647B6D8007A04AE /* UIKit.framework in Frameworks */ = {isa = PBXBuildFile; fileRef = 7BBDA3501647B6D8007A04AE /* UIKit.framework */; };
		7BBDA3771647B6D8007A04AE /* Foundation.framework in Frameworks */ = {isa = PBXBuildFile; fileRef = 7BBDA3521647B6D8007A04AE /* Foundation.framework */; };
		7BBDA37F1647B6D8007A04AE /* InfoPlist.strings in Resources */ = {isa = PBXBuildFile; fileRef = 7BBDA37D1647B6D8007A04AE /* InfoPlist.strings */; };
		7BBDA3821647B6D8007A04AE /* TechTATests.m in Sources */ = {isa = PBXBuildFile; fileRef = 7BBDA3811647B6D8007A04AE /* TechTATests.m */; };
		7BBDA38C1647B73F007A04AE /* CFNetwork.framework in Frameworks */ = {isa = PBXBuildFile; fileRef = 7BBDA38B1647B73F007A04AE /* CFNetwork.framework */; };
		7BBDA38E1647B744007A04AE /* Security.framework in Frameworks */ = {isa = PBXBuildFile; fileRef = 7BBDA38D1647B744007A04AE /* Security.framework */; };
		7BBDA3AC1647ED6B007A04AE /* TAWebSocket.m in Sources */ = {isa = PBXBuildFile; fileRef = 7BBDA3AB1647ED6B007A04AE /* TAWebSocket.m */; };
		7BBDA3B41647F07E007A04AE /* TASUPViewController.m in Sources */ = {isa = PBXBuildFile; fileRef = 7BBDA3B31647F07E007A04AE /* TASUPViewController.m */; };
		7BC0F0BC165B26470077D0A8 /* NSObject+SBJson.m in Sources */ = {isa = PBXBuildFile; fileRef = 7BC0F0A4165B26470077D0A8 /* NSObject+SBJson.m */; };
		7BC0F0BD165B26470077D0A8 /* SBJsonParser.m in Sources */ = {isa = PBXBuildFile; fileRef = 7BC0F0A7165B26470077D0A8 /* SBJsonParser.m */; };
		7BC0F0BE165B26470077D0A8 /* SBJsonStreamParser.m in Sources */ = {isa = PBXBuildFile; fileRef = 7BC0F0A9165B26470077D0A8 /* SBJsonStreamParser.m */; };
		7BC0F0BF165B26470077D0A8 /* SBJsonStreamParserAccumulator.m in Sources */ = {isa = PBXBuildFile; fileRef = 7BC0F0AB165B26470077D0A8 /* SBJsonStreamParserAccumulator.m */; };
		7BC0F0C0165B26470077D0A8 /* SBJsonStreamParserAdapter.m in Sources */ = {isa = PBXBuildFile; fileRef = 7BC0F0AD165B26470077D0A8 /* SBJsonStreamParserAdapter.m */; };
		7BC0F0C1165B26470077D0A8 /* SBJsonStreamParserState.m in Sources */ = {isa = PBXBuildFile; fileRef = 7BC0F0AF165B26470077D0A8 /* SBJsonStreamParserState.m */; };
		7BC0F0C2165B26470077D0A8 /* SBJsonStreamWriter.m in Sources */ = {isa = PBXBuildFile; fileRef = 7BC0F0B1165B26470077D0A8 /* SBJsonStreamWriter.m */; };
		7BC0F0C3165B26470077D0A8 /* SBJsonStreamWriterAccumulator.m in Sources */ = {isa = PBXBuildFile; fileRef = 7BC0F0B3165B26470077D0A8 /* SBJsonStreamWriterAccumulator.m */; };
		7BC0F0C4165B26470077D0A8 /* SBJsonStreamWriterState.m in Sources */ = {isa = PBXBuildFile; fileRef = 7BC0F0B5165B26470077D0A8 /* SBJsonStreamWriterState.m */; };
		7BC0F0C5165B26470077D0A8 /* SBJsonTokeniser.m in Sources */ = {isa = PBXBuildFile; fileRef = 7BC0F0B7165B26470077D0A8 /* SBJsonTokeniser.m */; };
		7BC0F0C6165B26470077D0A8 /* SBJsonUTF8Stream.m in Sources */ = {isa = PBXBuildFile; fileRef = 7BC0F0B9165B26470077D0A8 /* SBJsonUTF8Stream.m */; };
		7BC0F0C7165B26470077D0A8 /* SBJsonWriter.m in Sources */ = {isa = PBXBuildFile; fileRef = 7BC0F0BB165B26470077D0A8 /* SBJsonWriter.m */; };
/* End PBXBuildFile section */

/* Begin PBXContainerItemProxy section */
		7BBDA3781647B6D8007A04AE /* PBXContainerItemProxy */ = {
			isa = PBXContainerItemProxy;
			containerPortal = 7BBDA3431647B6D8007A04AE /* Project object */;
			proxyType = 1;
			remoteGlobalIDString = 7BBDA34B1647B6D8007A04AE;
			remoteInfo = TechTA;
		};
/* End PBXContainerItemProxy section */

/* Begin PBXFileReference section */
		7B289B2B1649257700600696 /* TAMenuViewController.h */ = {isa = PBXFileReference; fileEncoding = 4; lastKnownFileType = sourcecode.c.h; path = TAMenuViewController.h; sourceTree = "<group>"; };
		7B289B2C1649257700600696 /* TAMenuViewController.m */ = {isa = PBXFileReference; fileEncoding = 4; lastKnownFileType = sourcecode.c.objc; path = TAMenuViewController.m; sourceTree = "<group>"; };
		7B289B2D1649257700600696 /* TAMenuViewController.xib */ = {isa = PBXFileReference; fileEncoding = 4; lastKnownFileType = file.xib; path = TAMenuViewController.xib; sourceTree = "<group>"; };
		7B289B361649342700600696 /* TAQAViewController.h */ = {isa = PBXFileReference; fileEncoding = 4; lastKnownFileType = sourcecode.c.h; path = TAQAViewController.h; sourceTree = "<group>"; };
		7B289B371649342700600696 /* TAQAViewController.m */ = {isa = PBXFileReference; fileEncoding = 4; lastKnownFileType = sourcecode.c.objc; path = TAQAViewController.m; sourceTree = "<group>"; };
		7B289B381649342700600696 /* TAQAViewController.xib */ = {isa = PBXFileReference; fileEncoding = 4; lastKnownFileType = file.xib; path = TAQAViewController.xib; sourceTree = "<group>"; };
		7B289B3B1649345E00600696 /* TAASKViewController.h */ = {isa = PBXFileReference; fileEncoding = 4; lastKnownFileType = sourcecode.c.h; path = TAASKViewController.h; sourceTree = "<group>"; };
		7B289B3C1649345E00600696 /* TAASKViewController.m */ = {isa = PBXFileReference; fileEncoding = 4; lastKnownFileType = sourcecode.c.objc; path = TAASKViewController.m; sourceTree = "<group>"; };
		7B289B3D1649345E00600696 /* TAASKViewController.xib */ = {isa = PBXFileReference; fileEncoding = 4; lastKnownFileType = file.xib; path = TAASKViewController.xib; sourceTree = "<group>"; };
		7B289B40164934A700600696 /* TAPollViewController.h */ = {isa = PBXFileReference; fileEncoding = 4; lastKnownFileType = sourcecode.c.h; path = TAPollViewController.h; sourceTree = "<group>"; };
		7B289B41164934A700600696 /* TAPollViewController.m */ = {isa = PBXFileReference; fileEncoding = 4; lastKnownFileType = sourcecode.c.objc; path = TAPollViewController.m; sourceTree = "<group>"; };
		7B289B42164934A700600696 /* TAPollViewController.xib */ = {isa = PBXFileReference; fileEncoding = 4; lastKnownFileType = file.xib; path = TAPollViewController.xib; sourceTree = "<group>"; };
		7B45B8E3164E4C6500638269 /* TARegistViewController.h */ = {isa = PBXFileReference; fileEncoding = 4; lastKnownFileType = sourcecode.c.h; path = TARegistViewController.h; sourceTree = "<group>"; };
		7B45B8E4164E4C6500638269 /* TARegistViewController.m */ = {isa = PBXFileReference; fileEncoding = 4; lastKnownFileType = sourcecode.c.objc; path = TARegistViewController.m; sourceTree = "<group>"; };
		7B45B8E5164E4C6500638269 /* TARegistViewController.xib */ = {isa = PBXFileReference; fileEncoding = 4; lastKnownFileType = file.xib; path = TARegistViewController.xib; sourceTree = "<group>"; };
		7B8C5ED1164F82DC008A7B53 /* libUnittWebSocketClient 23-19-17-057.a */ = {isa = PBXFileReference; lastKnownFileType = archive.ar; path = "libUnittWebSocketClient 23-19-17-057.a"; sourceTree = "<group>"; };
		7B8C5ED3164F82E2008A7B53 /* libUnittWebSocketClient.a */ = {isa = PBXFileReference; lastKnownFileType = archive.ar; path = libUnittWebSocketClient.a; sourceTree = "<group>"; };
		7B92BA6E165B2119002871D9 /* TALogTestViewController.h */ = {isa = PBXFileReference; fileEncoding = 4; lastKnownFileType = sourcecode.c.h; path = TALogTestViewController.h; sourceTree = "<group>"; };
		7B92BA6F165B2119002871D9 /* TALogTestViewController.m */ = {isa = PBXFileReference; fileEncoding = 4; lastKnownFileType = sourcecode.c.objc; path = TALogTestViewController.m; sourceTree = "<group>"; };
		7B92BA70165B2119002871D9 /* TALogTestViewController.xib */ = {isa = PBXFileReference; fileEncoding = 4; lastKnownFileType = file.xib; path = TALogTestViewController.xib; sourceTree = "<group>"; };
		7BBDA34C1647B6D8007A04AE /* TechTA.app */ = {isa = PBXFileReference; explicitFileType = wrapper.application; includeInIndex = 0; path = TechTA.app; sourceTree = BUILT_PRODUCTS_DIR; };
		7BBDA3501647B6D8007A04AE /* UIKit.framework */ = {isa = PBXFileReference; lastKnownFileType = wrapper.framework; name = UIKit.framework; path = System/Library/Frameworks/UIKit.framework; sourceTree = SDKROOT; };
		7BBDA3521647B6D8007A04AE /* Foundation.framework */ = {isa = PBXFileReference; lastKnownFileType = wrapper.framework; name = Foundation.framework; path = System/Library/Frameworks/Foundation.framework; sourceTree = SDKROOT; };
		7BBDA3541647B6D8007A04AE /* CoreGraphics.framework */ = {isa = PBXFileReference; lastKnownFileType = wrapper.framework; name = CoreGraphics.framework; path = System/Library/Frameworks/CoreGraphics.framework; sourceTree = SDKROOT; };
		7BBDA3581647B6D8007A04AE /* TechTA-Info.plist */ = {isa = PBXFileReference; lastKnownFileType = text.plist.xml; path = "TechTA-Info.plist"; sourceTree = "<group>"; };
		7BBDA35A1647B6D8007A04AE /* en */ = {isa = PBXFileReference; lastKnownFileType = text.plist.strings; name = en; path = en.lproj/InfoPlist.strings; sourceTree = "<group>"; };
		7BBDA35C1647B6D8007A04AE /* main.m */ = {isa = PBXFileReference; lastKnownFileType = sourcecode.c.objc; path = main.m; sourceTree = "<group>"; };
		7BBDA35E1647B6D8007A04AE /* TechTA-Prefix.pch */ = {isa = PBXFileReference; lastKnownFileType = sourcecode.c.h; path = "TechTA-Prefix.pch"; sourceTree = "<group>"; };
		7BBDA35F1647B6D8007A04AE /* TAAppDelegate.h */ = {isa = PBXFileReference; lastKnownFileType = sourcecode.c.h; path = TAAppDelegate.h; sourceTree = "<group>"; };
		7BBDA3601647B6D8007A04AE /* TAAppDelegate.m */ = {isa = PBXFileReference; lastKnownFileType = sourcecode.c.objc; path = TAAppDelegate.m; sourceTree = "<group>"; };
		7BBDA3621647B6D8007A04AE /* Default.png */ = {isa = PBXFileReference; lastKnownFileType = image.png; path = Default.png; sourceTree = "<group>"; };
		7BBDA3641647B6D8007A04AE /* Default@2x.png */ = {isa = PBXFileReference; lastKnownFileType = image.png; path = "Default@2x.png"; sourceTree = "<group>"; };
		7BBDA3661647B6D8007A04AE /* Default-568h@2x.png */ = {isa = PBXFileReference; lastKnownFileType = image.png; path = "Default-568h@2x.png"; sourceTree = "<group>"; };
		7BBDA3681647B6D8007A04AE /* TAViewController.h */ = {isa = PBXFileReference; lastKnownFileType = sourcecode.c.h; path = TAViewController.h; sourceTree = "<group>"; };
		7BBDA3691647B6D8007A04AE /* TAViewController.m */ = {isa = PBXFileReference; lastKnownFileType = sourcecode.c.objc; path = TAViewController.m; sourceTree = "<group>"; };
		7BBDA36C1647B6D8007A04AE /* en */ = {isa = PBXFileReference; lastKnownFileType = file.xib; name = en; path = en.lproj/TAViewController.xib; sourceTree = "<group>"; };
		7BBDA3731647B6D8007A04AE /* TechTATests.octest */ = {isa = PBXFileReference; explicitFileType = wrapper.cfbundle; includeInIndex = 0; path = TechTATests.octest; sourceTree = BUILT_PRODUCTS_DIR; };
		7BBDA3741647B6D8007A04AE /* SenTestingKit.framework */ = {isa = PBXFileReference; lastKnownFileType = wrapper.framework; name = SenTestingKit.framework; path = Library/Frameworks/SenTestingKit.framework; sourceTree = DEVELOPER_DIR; };
		7BBDA37C1647B6D8007A04AE /* TechTATests-Info.plist */ = {isa = PBXFileReference; lastKnownFileType = text.plist.xml; path = "TechTATests-Info.plist"; sourceTree = "<group>"; };
		7BBDA37E1647B6D8007A04AE /* en */ = {isa = PBXFileReference; lastKnownFileType = text.plist.strings; name = en; path = en.lproj/InfoPlist.strings; sourceTree = "<group>"; };
		7BBDA3801647B6D8007A04AE /* TechTATests.h */ = {isa = PBXFileReference; lastKnownFileType = sourcecode.c.h; path = TechTATests.h; sourceTree = "<group>"; };
		7BBDA3811647B6D8007A04AE /* TechTATests.m */ = {isa = PBXFileReference; lastKnownFileType = sourcecode.c.objc; path = TechTATests.m; sourceTree = "<group>"; };
		7BBDA38B1647B73F007A04AE /* CFNetwork.framework */ = {isa = PBXFileReference; lastKnownFileType = wrapper.framework; name = CFNetwork.framework; path = System/Library/Frameworks/CFNetwork.framework; sourceTree = SDKROOT; };
		7BBDA38D1647B744007A04AE /* Security.framework */ = {isa = PBXFileReference; lastKnownFileType = wrapper.framework; name = Security.framework; path = System/Library/Frameworks/Security.framework; sourceTree = SDKROOT; };
		7BBDA3951647B850007A04AE /* AsyncSocket.h */ = {isa = PBXFileReference; fileEncoding = 4; lastKnownFileType = sourcecode.c.h; path = AsyncSocket.h; sourceTree = "<group>"; };
		7BBDA3961647B850007A04AE /* GCDAsyncSocket.h */ = {isa = PBXFileReference; fileEncoding = 4; lastKnownFileType = sourcecode.c.h; path = GCDAsyncSocket.h; sourceTree = "<group>"; };
		7BBDA3971647B850007A04AE /* HandshakeHeader.h */ = {isa = PBXFileReference; fileEncoding = 4; lastKnownFileType = sourcecode.c.h; path = HandshakeHeader.h; sourceTree = "<group>"; };
		7BBDA3981647B850007A04AE /* MutableQueue.h */ = {isa = PBXFileReference; fileEncoding = 4; lastKnownFileType = sourcecode.c.h; path = MutableQueue.h; sourceTree = "<group>"; };
		7BBDA3991647B850007A04AE /* NSData+Base64.h */ = {isa = PBXFileReference; fileEncoding = 4; lastKnownFileType = sourcecode.c.h; path = "NSData+Base64.h"; sourceTree = "<group>"; };
		7BBDA39A1647B850007A04AE /* WebSocket.h */ = {isa = PBXFileReference; fileEncoding = 4; lastKnownFileType = sourcecode.c.h; path = WebSocket.h; sourceTree = "<group>"; };
		7BBDA39B1647B850007A04AE /* WebSocket00.h */ = {isa = PBXFileReference; fileEncoding = 4; lastKnownFileType = sourcecode.c.h; path = WebSocket00.h; sourceTree = "<group>"; };
		7BBDA39C1647B850007A04AE /* WebSocket07.h */ = {isa = PBXFileReference; fileEncoding = 4; lastKnownFileType = sourcecode.c.h; path = WebSocket07.h; sourceTree = "<group>"; };
		7BBDA39D1647B850007A04AE /* WebSocket08.h */ = {isa = PBXFileReference; fileEncoding = 4; lastKnownFileType = sourcecode.c.h; path = WebSocket08.h; sourceTree = "<group>"; };
		7BBDA39E1647B850007A04AE /* WebSocket10.h */ = {isa = PBXFileReference; fileEncoding = 4; lastKnownFileType = sourcecode.c.h; path = WebSocket10.h; sourceTree = "<group>"; };
		7BBDA39F1647B850007A04AE /* WebSocketConnectConfig.h */ = {isa = PBXFileReference; fileEncoding = 4; lastKnownFileType = sourcecode.c.h; path = WebSocketConnectConfig.h; sourceTree = "<group>"; };
		7BBDA3A01647B850007A04AE /* WebSocketFragment.h */ = {isa = PBXFileReference; fileEncoding = 4; lastKnownFileType = sourcecode.c.h; path = WebSocketFragment.h; sourceTree = "<group>"; };
		7BBDA3A11647B850007A04AE /* WebSocketMessage.h */ = {isa = PBXFileReference; fileEncoding = 4; lastKnownFileType = sourcecode.c.h; path = WebSocketMessage.h; sourceTree = "<group>"; };
		7BBDA3AA1647ED6B007A04AE /* TAWebSocket.h */ = {isa = PBXFileReference; fileEncoding = 4; lastKnownFileType = sourcecode.c.h; path = TAWebSocket.h; sourceTree = "<group>"; };
		7BBDA3AB1647ED6B007A04AE /* TAWebSocket.m */ = {isa = PBXFileReference; fileEncoding = 4; lastKnownFileType = sourcecode.c.objc; path = TAWebSocket.m; sourceTree = "<group>"; };
		7BBDA3B21647F07E007A04AE /* TASUPViewController.h */ = {isa = PBXFileReference; fileEncoding = 4; lastKnownFileType = sourcecode.c.h; path = TASUPViewController.h; sourceTree = "<group>"; };
		7BBDA3B31647F07E007A04AE /* TASUPViewController.m */ = {isa = PBXFileReference; fileEncoding = 4; lastKnownFileType = sourcecode.c.objc; path = TASUPViewController.m; sourceTree = "<group>"; };
		7BC0F0A3165B26470077D0A8 /* NSObject+SBJson.h */ = {isa = PBXFileReference; fileEncoding = 4; lastKnownFileType = sourcecode.c.h; path = "NSObject+SBJson.h"; sourceTree = "<group>"; };
		7BC0F0A4165B26470077D0A8 /* NSObject+SBJson.m */ = {isa = PBXFileReference; fileEncoding = 4; lastKnownFileType = sourcecode.c.objc; path = "NSObject+SBJson.m"; sourceTree = "<group>"; };
		7BC0F0A5165B26470077D0A8 /* SBJson.h */ = {isa = PBXFileReference; fileEncoding = 4; lastKnownFileType = sourcecode.c.h; path = SBJson.h; sourceTree = "<group>"; };
		7BC0F0A6165B26470077D0A8 /* SBJsonParser.h */ = {isa = PBXFileReference; fileEncoding = 4; lastKnownFileType = sourcecode.c.h; path = SBJsonParser.h; sourceTree = "<group>"; };
		7BC0F0A7165B26470077D0A8 /* SBJsonParser.m */ = {isa = PBXFileReference; fileEncoding = 4; lastKnownFileType = sourcecode.c.objc; path = SBJsonParser.m; sourceTree = "<group>"; };
		7BC0F0A8165B26470077D0A8 /* SBJsonStreamParser.h */ = {isa = PBXFileReference; fileEncoding = 4; lastKnownFileType = sourcecode.c.h; path = SBJsonStreamParser.h; sourceTree = "<group>"; };
		7BC0F0A9165B26470077D0A8 /* SBJsonStreamParser.m */ = {isa = PBXFileReference; fileEncoding = 4; lastKnownFileType = sourcecode.c.objc; path = SBJsonStreamParser.m; sourceTree = "<group>"; };
		7BC0F0AA165B26470077D0A8 /* SBJsonStreamParserAccumulator.h */ = {isa = PBXFileReference; fileEncoding = 4; lastKnownFileType = sourcecode.c.h; path = SBJsonStreamParserAccumulator.h; sourceTree = "<group>"; };
		7BC0F0AB165B26470077D0A8 /* SBJsonStreamParserAccumulator.m */ = {isa = PBXFileReference; fileEncoding = 4; lastKnownFileType = sourcecode.c.objc; path = SBJsonStreamParserAccumulator.m; sourceTree = "<group>"; };
		7BC0F0AC165B26470077D0A8 /* SBJsonStreamParserAdapter.h */ = {isa = PBXFileReference; fileEncoding = 4; lastKnownFileType = sourcecode.c.h; path = SBJsonStreamParserAdapter.h; sourceTree = "<group>"; };
		7BC0F0AD165B26470077D0A8 /* SBJsonStreamParserAdapter.m */ = {isa = PBXFileReference; fileEncoding = 4; lastKnownFileType = sourcecode.c.objc; path = SBJsonStreamParserAdapter.m; sourceTree = "<group>"; };
		7BC0F0AE165B26470077D0A8 /* SBJsonStreamParserState.h */ = {isa = PBXFileReference; fileEncoding = 4; lastKnownFileType = sourcecode.c.h; path = SBJsonStreamParserState.h; sourceTree = "<group>"; };
		7BC0F0AF165B26470077D0A8 /* SBJsonStreamParserState.m */ = {isa = PBXFileReference; fileEncoding = 4; lastKnownFileType = sourcecode.c.objc; path = SBJsonStreamParserState.m; sourceTree = "<group>"; };
		7BC0F0B0165B26470077D0A8 /* SBJsonStreamWriter.h */ = {isa = PBXFileReference; fileEncoding = 4; lastKnownFileType = sourcecode.c.h; path = SBJsonStreamWriter.h; sourceTree = "<group>"; };
		7BC0F0B1165B26470077D0A8 /* SBJsonStreamWriter.m */ = {isa = PBXFileReference; fileEncoding = 4; lastKnownFileType = sourcecode.c.objc; path = SBJsonStreamWriter.m; sourceTree = "<group>"; };
		7BC0F0B2165B26470077D0A8 /* SBJsonStreamWriterAccumulator.h */ = {isa = PBXFileReference; fileEncoding = 4; lastKnownFileType = sourcecode.c.h; path = SBJsonStreamWriterAccumulator.h; sourceTree = "<group>"; };
		7BC0F0B3165B26470077D0A8 /* SBJsonStreamWriterAccumulator.m */ = {isa = PBXFileReference; fileEncoding = 4; lastKnownFileType = sourcecode.c.objc; path = SBJsonStreamWriterAccumulator.m; sourceTree = "<group>"; };
		7BC0F0B4165B26470077D0A8 /* SBJsonStreamWriterState.h */ = {isa = PBXFileReference; fileEncoding = 4; lastKnownFileType = sourcecode.c.h; path = SBJsonStreamWriterState.h; sourceTree = "<group>"; };
		7BC0F0B5165B26470077D0A8 /* SBJsonStreamWriterState.m */ = {isa = PBXFileReference; fileEncoding = 4; lastKnownFileType = sourcecode.c.objc; path = SBJsonStreamWriterState.m; sourceTree = "<group>"; };
		7BC0F0B6165B26470077D0A8 /* SBJsonTokeniser.h */ = {isa = PBXFileReference; fileEncoding = 4; lastKnownFileType = sourcecode.c.h; path = SBJsonTokeniser.h; sourceTree = "<group>"; };
		7BC0F0B7165B26470077D0A8 /* SBJsonTokeniser.m */ = {isa = PBXFileReference; fileEncoding = 4; lastKnownFileType = sourcecode.c.objc; path = SBJsonTokeniser.m; sourceTree = "<group>"; };
		7BC0F0B8165B26470077D0A8 /* SBJsonUTF8Stream.h */ = {isa = PBXFileReference; fileEncoding = 4; lastKnownFileType = sourcecode.c.h; path = SBJsonUTF8Stream.h; sourceTree = "<group>"; };
		7BC0F0B9165B26470077D0A8 /* SBJsonUTF8Stream.m */ = {isa = PBXFileReference; fileEncoding = 4; lastKnownFileType = sourcecode.c.objc; path = SBJsonUTF8Stream.m; sourceTree = "<group>"; };
		7BC0F0BA165B26470077D0A8 /* SBJsonWriter.h */ = {isa = PBXFileReference; fileEncoding = 4; lastKnownFileType = sourcecode.c.h; path = SBJsonWriter.h; sourceTree = "<group>"; };
		7BC0F0BB165B26470077D0A8 /* SBJsonWriter.m */ = {isa = PBXFileReference; fileEncoding = 4; lastKnownFileType = sourcecode.c.objc; path = SBJsonWriter.m; sourceTree = "<group>"; };
/* End PBXFileReference section */

/* Begin PBXFrameworksBuildPhase section */
		7BBDA3491647B6D8007A04AE /* Frameworks */ = {
			isa = PBXFrameworksBuildPhase;
			buildActionMask = 2147483647;
			files = (
				7BBDA38E1647B744007A04AE /* Security.framework in Frameworks */,
				7BBDA38C1647B73F007A04AE /* CFNetwork.framework in Frameworks */,
				7BBDA3511647B6D8007A04AE /* UIKit.framework in Frameworks */,
				7BBDA3531647B6D8007A04AE /* Foundation.framework in Frameworks */,
				7BBDA3551647B6D8007A04AE /* CoreGraphics.framework in Frameworks */,
				7B8C5ED2164F82DC008A7B53 /* libUnittWebSocketClient 23-19-17-057.a in Frameworks */,
				7B8C5ED4164F82E2008A7B53 /* libUnittWebSocketClient.a in Frameworks */,
			);
			runOnlyForDeploymentPostprocessing = 0;
		};
		7BBDA36F1647B6D8007A04AE /* Frameworks */ = {
			isa = PBXFrameworksBuildPhase;
			buildActionMask = 2147483647;
			files = (
				7BBDA3751647B6D8007A04AE /* SenTestingKit.framework in Frameworks */,
				7BBDA3761647B6D8007A04AE /* UIKit.framework in Frameworks */,
				7BBDA3771647B6D8007A04AE /* Foundation.framework in Frameworks */,
			);
			runOnlyForDeploymentPostprocessing = 0;
		};
/* End PBXFrameworksBuildPhase section */

/* Begin PBXGroup section */
		7BBDA3411647B6D8007A04AE = {
			isa = PBXGroup;
			children = (
				7B8C5ED1164F82DC008A7B53 /* libUnittWebSocketClient 23-19-17-057.a */,
				7B8C5ED3164F82E2008A7B53 /* libUnittWebSocketClient.a */,
				7BC0F0A2165B26470077D0A8 /* Classes */,
				7BBDA3941647B850007A04AE /* include */,
				7BBDA3561647B6D8007A04AE /* TechTA */,
				7BBDA37A1647B6D8007A04AE /* TechTATests */,
				7BBDA34F1647B6D8007A04AE /* Frameworks */,
				7BBDA34D1647B6D8007A04AE /* Products */,
			);
			sourceTree = "<group>";
		};
		7BBDA34D1647B6D8007A04AE /* Products */ = {
			isa = PBXGroup;
			children = (
				7BBDA34C1647B6D8007A04AE /* TechTA.app */,
				7BBDA3731647B6D8007A04AE /* TechTATests.octest */,
			);
			name = Products;
			sourceTree = "<group>";
		};
		7BBDA34F1647B6D8007A04AE /* Frameworks */ = {
			isa = PBXGroup;
			children = (
				7BBDA38D1647B744007A04AE /* Security.framework */,
				7BBDA38B1647B73F007A04AE /* CFNetwork.framework */,
				7BBDA3501647B6D8007A04AE /* UIKit.framework */,
				7BBDA3521647B6D8007A04AE /* Foundation.framework */,
				7BBDA3541647B6D8007A04AE /* CoreGraphics.framework */,
				7BBDA3741647B6D8007A04AE /* SenTestingKit.framework */,
			);
			name = Frameworks;
			sourceTree = "<group>";
		};
		7BBDA3561647B6D8007A04AE /* TechTA */ = {
			isa = PBXGroup;
			children = (
				7BBDA35F1647B6D8007A04AE /* TAAppDelegate.h */,
				7BBDA3601647B6D8007A04AE /* TAAppDelegate.m */,
				7BBDA3681647B6D8007A04AE /* TAViewController.h */,
				7BBDA3691647B6D8007A04AE /* TAViewController.m */,
				7BBDA36B1647B6D8007A04AE /* TAViewController.xib */,
				7B45B8E3164E4C6500638269 /* TARegistViewController.h */,
				7B45B8E4164E4C6500638269 /* TARegistViewController.m */,
				7B45B8E5164E4C6500638269 /* TARegistViewController.xib */,
				7B289B2B1649257700600696 /* TAMenuViewController.h */,
				7B289B2C1649257700600696 /* TAMenuViewController.m */,
				7B289B2D1649257700600696 /* TAMenuViewController.xib */,
				7B289B3B1649345E00600696 /* TAASKViewController.h */,
				7B289B3C1649345E00600696 /* TAASKViewController.m */,
				7B289B3D1649345E00600696 /* TAASKViewController.xib */,
				7B289B361649342700600696 /* TAQAViewController.h */,
				7B289B371649342700600696 /* TAQAViewController.m */,
				7B289B381649342700600696 /* TAQAViewController.xib */,
				7B289B40164934A700600696 /* TAPollViewController.h */,
				7B289B41164934A700600696 /* TAPollViewController.m */,
				7B289B42164934A700600696 /* TAPollViewController.xib */,
				7BBDA3571647B6D8007A04AE /* Supporting Files */,
				7BBDA3AA1647ED6B007A04AE /* TAWebSocket.h */,
				7BBDA3AB1647ED6B007A04AE /* TAWebSocket.m */,
				7BBDA3B21647F07E007A04AE /* TASUPViewController.h */,
				7BBDA3B31647F07E007A04AE /* TASUPViewController.m */,
				7B92BA6E165B2119002871D9 /* TALogTestViewController.h */,
				7B92BA6F165B2119002871D9 /* TALogTestViewController.m */,
				7B92BA70165B2119002871D9 /* TALogTestViewController.xib */,
			);
			path = TechTA;
			sourceTree = "<group>";
		};
		7BBDA3571647B6D8007A04AE /* Supporting Files */ = {
			isa = PBXGroup;
			children = (
				7BBDA3581647B6D8007A04AE /* TechTA-Info.plist */,
				7BBDA3591647B6D8007A04AE /* InfoPlist.strings */,
				7BBDA35C1647B6D8007A04AE /* main.m */,
				7BBDA35E1647B6D8007A04AE /* TechTA-Prefix.pch */,
				7BBDA3621647B6D8007A04AE /* Default.png */,
				7BBDA3641647B6D8007A04AE /* Default@2x.png */,
				7BBDA3661647B6D8007A04AE /* Default-568h@2x.png */,
			);
			name = "Supporting Files";
			sourceTree = "<group>";
		};
		7BBDA37A1647B6D8007A04AE /* TechTATests */ = {
			isa = PBXGroup;
			children = (
				7BBDA3801647B6D8007A04AE /* TechTATests.h */,
				7BBDA3811647B6D8007A04AE /* TechTATests.m */,
				7BBDA37B1647B6D8007A04AE /* Supporting Files */,
			);
			path = TechTATests;
			sourceTree = "<group>";
		};
		7BBDA37B1647B6D8007A04AE /* Supporting Files */ = {
			isa = PBXGroup;
			children = (
				7BBDA37C1647B6D8007A04AE /* TechTATests-Info.plist */,
				7BBDA37D1647B6D8007A04AE /* InfoPlist.strings */,
			);
			name = "Supporting Files";
			sourceTree = "<group>";
		};
		7BBDA3941647B850007A04AE /* include */ = {
			isa = PBXGroup;
			children = (
				7BBDA39A1647B850007A04AE /* WebSocket.h */,
				7BBDA3951647B850007A04AE /* AsyncSocket.h */,
				7BBDA3961647B850007A04AE /* GCDAsyncSocket.h */,
				7BBDA3971647B850007A04AE /* HandshakeHeader.h */,
				7BBDA3981647B850007A04AE /* MutableQueue.h */,
				7BBDA3991647B850007A04AE /* NSData+Base64.h */,
				7BBDA39B1647B850007A04AE /* WebSocket00.h */,
				7BBDA39C1647B850007A04AE /* WebSocket07.h */,
				7BBDA39D1647B850007A04AE /* WebSocket08.h */,
				7BBDA39E1647B850007A04AE /* WebSocket10.h */,
				7BBDA39F1647B850007A04AE /* WebSocketConnectConfig.h */,
				7BBDA3A01647B850007A04AE /* WebSocketFragment.h */,
				7BBDA3A11647B850007A04AE /* WebSocketMessage.h */,
			);
			path = include;
			sourceTree = "<group>";
		};
		7BC0F0A2165B26470077D0A8 /* Classes */ = {
			isa = PBXGroup;
			children = (
				7BC0F0A3165B26470077D0A8 /* NSObject+SBJson.h */,
				7BC0F0A4165B26470077D0A8 /* NSObject+SBJson.m */,
				7BC0F0A5165B26470077D0A8 /* SBJson.h */,
				7BC0F0A6165B26470077D0A8 /* SBJsonParser.h */,
				7BC0F0A7165B26470077D0A8 /* SBJsonParser.m */,
				7BC0F0A8165B26470077D0A8 /* SBJsonStreamParser.h */,
				7BC0F0A9165B26470077D0A8 /* SBJsonStreamParser.m */,
				7BC0F0AA165B26470077D0A8 /* SBJsonStreamParserAccumulator.h */,
				7BC0F0AB165B26470077D0A8 /* SBJsonStreamParserAccumulator.m */,
				7BC0F0AC165B26470077D0A8 /* SBJsonStreamParserAdapter.h */,
				7BC0F0AD165B26470077D0A8 /* SBJsonStreamParserAdapter.m */,
				7BC0F0AE165B26470077D0A8 /* SBJsonStreamParserState.h */,
				7BC0F0AF165B26470077D0A8 /* SBJsonStreamParserState.m */,
				7BC0F0B0165B26470077D0A8 /* SBJsonStreamWriter.h */,
				7BC0F0B1165B26470077D0A8 /* SBJsonStreamWriter.m */,
				7BC0F0B2165B26470077D0A8 /* SBJsonStreamWriterAccumulator.h */,
				7BC0F0B3165B26470077D0A8 /* SBJsonStreamWriterAccumulator.m */,
				7BC0F0B4165B26470077D0A8 /* SBJsonStreamWriterState.h */,
				7BC0F0B5165B26470077D0A8 /* SBJsonStreamWriterState.m */,
				7BC0F0B6165B26470077D0A8 /* SBJsonTokeniser.h */,
				7BC0F0B7165B26470077D0A8 /* SBJsonTokeniser.m */,
				7BC0F0B8165B26470077D0A8 /* SBJsonUTF8Stream.h */,
				7BC0F0B9165B26470077D0A8 /* SBJsonUTF8Stream.m */,
				7BC0F0BA165B26470077D0A8 /* SBJsonWriter.h */,
				7BC0F0BB165B26470077D0A8 /* SBJsonWriter.m */,
			);
			path = Classes;
			sourceTree = "<group>";
		};
/* End PBXGroup section */

/* Begin PBXNativeTarget section */
		7BBDA34B1647B6D8007A04AE /* TechTA */ = {
			isa = PBXNativeTarget;
			buildConfigurationList = 7BBDA3851647B6D8007A04AE /* Build configuration list for PBXNativeTarget "TechTA" */;
			buildPhases = (
				7BBDA3481647B6D8007A04AE /* Sources */,
				7BBDA3491647B6D8007A04AE /* Frameworks */,
				7BBDA34A1647B6D8007A04AE /* Resources */,
			);
			buildRules = (
			);
			dependencies = (
			);
			name = TechTA;
			productName = TechTA;
			productReference = 7BBDA34C1647B6D8007A04AE /* TechTA.app */;
			productType = "com.apple.product-type.application";
		};
		7BBDA3721647B6D8007A04AE /* TechTATests */ = {
			isa = PBXNativeTarget;
			buildConfigurationList = 7BBDA3881647B6D8007A04AE /* Build configuration list for PBXNativeTarget "TechTATests" */;
			buildPhases = (
				7BBDA36E1647B6D8007A04AE /* Sources */,
				7BBDA36F1647B6D8007A04AE /* Frameworks */,
				7BBDA3701647B6D8007A04AE /* Resources */,
				7BBDA3711647B6D8007A04AE /* ShellScript */,
			);
			buildRules = (
			);
			dependencies = (
				7BBDA3791647B6D8007A04AE /* PBXTargetDependency */,
			);
			name = TechTATests;
			productName = TechTATests;
			productReference = 7BBDA3731647B6D8007A04AE /* TechTATests.octest */;
			productType = "com.apple.product-type.bundle";
		};
/* End PBXNativeTarget section */

/* Begin PBXProject section */
		7BBDA3431647B6D8007A04AE /* Project object */ = {
			isa = PBXProject;
			attributes = {
				CLASSPREFIX = TA;
				LastUpgradeCheck = 0450;
				ORGANIZATIONNAME = "Shih Sunnia";
			};
			buildConfigurationList = 7BBDA3461647B6D8007A04AE /* Build configuration list for PBXProject "TechTA" */;
			compatibilityVersion = "Xcode 3.2";
			developmentRegion = English;
			hasScannedForEncodings = 0;
			knownRegions = (
				en,
			);
			mainGroup = 7BBDA3411647B6D8007A04AE;
			productRefGroup = 7BBDA34D1647B6D8007A04AE /* Products */;
			projectDirPath = "";
			projectRoot = "";
			targets = (
				7BBDA34B1647B6D8007A04AE /* TechTA */,
				7BBDA3721647B6D8007A04AE /* TechTATests */,
			);
		};
/* End PBXProject section */

/* Begin PBXResourcesBuildPhase section */
		7BBDA34A1647B6D8007A04AE /* Resources */ = {
			isa = PBXResourcesBuildPhase;
			buildActionMask = 2147483647;
			files = (
				7BBDA35B1647B6D8007A04AE /* InfoPlist.strings in Resources */,
				7BBDA3631647B6D8007A04AE /* Default.png in Resources */,
				7BBDA3651647B6D8007A04AE /* Default@2x.png in Resources */,
				7BBDA3671647B6D8007A04AE /* Default-568h@2x.png in Resources */,
				7BBDA36D1647B6D8007A04AE /* TAViewController.xib in Resources */,
				7B289B2F1649257700600696 /* TAMenuViewController.xib in Resources */,
				7B289B3A1649342800600696 /* TAQAViewController.xib in Resources */,
				7B289B3F1649345E00600696 /* TAASKViewController.xib in Resources */,
				7B289B44164934A700600696 /* TAPollViewController.xib in Resources */,
				7B45B8E7164E4C6500638269 /* TARegistViewController.xib in Resources */,
				7B92BA72165B2119002871D9 /* TALogTestViewController.xib in Resources */,
			);
			runOnlyForDeploymentPostprocessing = 0;
		};
		7BBDA3701647B6D8007A04AE /* Resources */ = {
			isa = PBXResourcesBuildPhase;
			buildActionMask = 2147483647;
			files = (
				7BBDA37F1647B6D8007A04AE /* InfoPlist.strings in Resources */,
			);
			runOnlyForDeploymentPostprocessing = 0;
		};
/* End PBXResourcesBuildPhase section */

/* Begin PBXShellScriptBuildPhase section */
		7BBDA3711647B6D8007A04AE /* ShellScript */ = {
			isa = PBXShellScriptBuildPhase;
			buildActionMask = 2147483647;
			files = (
			);
			inputPaths = (
			);
			outputPaths = (
			);
			runOnlyForDeploymentPostprocessing = 0;
			shellPath = /bin/sh;
			shellScript = "# Run the unit tests in this test bundle.\n\"${SYSTEM_DEVELOPER_DIR}/Tools/RunUnitTests\"\n";
		};
/* End PBXShellScriptBuildPhase section */

/* Begin PBXSourcesBuildPhase section */
		7BBDA3481647B6D8007A04AE /* Sources */ = {
			isa = PBXSourcesBuildPhase;
			buildActionMask = 2147483647;
			files = (
				7BBDA35D1647B6D8007A04AE /* main.m in Sources */,
				7BBDA3611647B6D8007A04AE /* TAAppDelegate.m in Sources */,
				7BBDA36A1647B6D8007A04AE /* TAViewController.m in Sources */,
				7BBDA3AC1647ED6B007A04AE /* TAWebSocket.m in Sources */,
				7BBDA3B41647F07E007A04AE /* TASUPViewController.m in Sources */,
				7B289B2E1649257700600696 /* TAMenuViewController.m in Sources */,
				7B289B391649342800600696 /* TAQAViewController.m in Sources */,
				7B289B3E1649345E00600696 /* TAASKViewController.m in Sources */,
				7B289B43164934A700600696 /* TAPollViewController.m in Sources */,
				7B45B8E6164E4C6500638269 /* TARegistViewController.m in Sources */,
				7B92BA71165B2119002871D9 /* TALogTestViewController.m in Sources */,
				7BC0F0BC165B26470077D0A8 /* NSObject+SBJson.m in Sources */,
				7BC0F0BD165B26470077D0A8 /* SBJsonParser.m in Sources */,
				7BC0F0BE165B26470077D0A8 /* SBJsonStreamParser.m in Sources */,
				7BC0F0BF165B26470077D0A8 /* SBJsonStreamParserAccumulator.m in Sources */,
				7BC0F0C0165B26470077D0A8 /* SBJsonStreamParserAdapter.m in Sources */,
				7BC0F0C1165B26470077D0A8 /* SBJsonStreamParserState.m in Sources */,
				7BC0F0C2165B26470077D0A8 /* SBJsonStreamWriter.m in Sources */,
				7BC0F0C3165B26470077D0A8 /* SBJsonStreamWriterAccumulator.m in Sources */,
				7BC0F0C4165B26470077D0A8 /* SBJsonStreamWriterState.m in Sources */,
				7BC0F0C5165B26470077D0A8 /* SBJsonTokeniser.m in Sources */,
				7BC0F0C6165B26470077D0A8 /* SBJsonUTF8Stream.m in Sources */,
				7BC0F0C7165B26470077D0A8 /* SBJsonWriter.m in Sources */,
			);
			runOnlyForDeploymentPostprocessing = 0;
		};
		7BBDA36E1647B6D8007A04AE /* Sources */ = {
			isa = PBXSourcesBuildPhase;
			buildActionMask = 2147483647;
			files = (
				7BBDA3821647B6D8007A04AE /* TechTATests.m in Sources */,
			);
			runOnlyForDeploymentPostprocessing = 0;
		};
/* End PBXSourcesBuildPhase section */

/* Begin PBXTargetDependency section */
		7BBDA3791647B6D8007A04AE /* PBXTargetDependency */ = {
			isa = PBXTargetDependency;
			target = 7BBDA34B1647B6D8007A04AE /* TechTA */;
			targetProxy = 7BBDA3781647B6D8007A04AE /* PBXContainerItemProxy */;
		};
/* End PBXTargetDependency section */

/* Begin PBXVariantGroup section */
		7BBDA3591647B6D8007A04AE /* InfoPlist.strings */ = {
			isa = PBXVariantGroup;
			children = (
				7BBDA35A1647B6D8007A04AE /* en */,
			);
			name = InfoPlist.strings;
			sourceTree = "<group>";
		};
		7BBDA36B1647B6D8007A04AE /* TAViewController.xib */ = {
			isa = PBXVariantGroup;
			children = (
				7BBDA36C1647B6D8007A04AE /* en */,
			);
			name = TAViewController.xib;
			sourceTree = "<group>";
		};
		7BBDA37D1647B6D8007A04AE /* InfoPlist.strings */ = {
			isa = PBXVariantGroup;
			children = (
				7BBDA37E1647B6D8007A04AE /* en */,
			);
			name = InfoPlist.strings;
			sourceTree = "<group>";
		};
/* End PBXVariantGroup section */

/* Begin XCBuildConfiguration section */
		7BBDA3831647B6D8007A04AE /* Debug */ = {
			isa = XCBuildConfiguration;
			buildSettings = {
				ALWAYS_SEARCH_USER_PATHS = NO;
				CLANG_CXX_LANGUAGE_STANDARD = "gnu++0x";
				CLANG_CXX_LIBRARY = "libc++";
				CLANG_ENABLE_OBJC_ARC = YES;
				CLANG_WARN_EMPTY_BODY = YES;
				CLANG_WARN__DUPLICATE_METHOD_MATCH = YES;
				"CODE_SIGN_IDENTITY[sdk=iphoneos*]" = "iPhone Developer";
				COPY_PHASE_STRIP = NO;
				"DEBUG_INFORMATION_FORMAT[sdk=iphoneos*]" = "dwarf-with-dsym";
				GCC_C_LANGUAGE_STANDARD = gnu99;
				GCC_DYNAMIC_NO_PIC = NO;
				GCC_OPTIMIZATION_LEVEL = 0;
				GCC_PREPROCESSOR_DEFINITIONS = (
					"DEBUG=1",
					"$(inherited)",
				);
				GCC_SYMBOLS_PRIVATE_EXTERN = NO;
				GCC_VERSION = com.apple.compilers.llvm.clang.1_0;
				GCC_WARN_ABOUT_RETURN_TYPE = YES;
				GCC_WARN_UNINITIALIZED_AUTOS = YES;
				GCC_WARN_UNUSED_VARIABLE = YES;
				IPHONEOS_DEPLOYMENT_TARGET = 6.0;
				OTHER_LDFLAGS = "";
				SDKROOT = iphoneos;
			};
			name = Debug;
		};
		7BBDA3841647B6D8007A04AE /* Release */ = {
			isa = XCBuildConfiguration;
			buildSettings = {
				ALWAYS_SEARCH_USER_PATHS = NO;
				CLANG_CXX_LANGUAGE_STANDARD = "gnu++0x";
				CLANG_CXX_LIBRARY = "libc++";
				CLANG_ENABLE_OBJC_ARC = YES;
				CLANG_WARN_EMPTY_BODY = YES;
				CLANG_WARN__DUPLICATE_METHOD_MATCH = YES;
				"CODE_SIGN_IDENTITY[sdk=iphoneos*]" = "iPhone Developer";
				COPY_PHASE_STRIP = YES;
				GCC_C_LANGUAGE_STANDARD = gnu99;
				GCC_VERSION = com.apple.compilers.llvm.clang.1_0;
				GCC_WARN_ABOUT_RETURN_TYPE = YES;
				GCC_WARN_UNINITIALIZED_AUTOS = YES;
				GCC_WARN_UNUSED_VARIABLE = YES;
				IPHONEOS_DEPLOYMENT_TARGET = 6.0;
				OTHER_CFLAGS = "-DNS_BLOCK_ASSERTIONS=1";
				OTHER_LDFLAGS = "";
				SDKROOT = iphoneos;
				VALIDATE_PRODUCT = YES;
			};
			name = Release;
		};
		7BBDA3861647B6D8007A04AE /* Debug */ = {
			isa = XCBuildConfiguration;
			buildSettings = {
				GCC_PRECOMPILE_PREFIX_HEADER = YES;
				GCC_PREFIX_HEADER = "TechTA/TechTA-Prefix.pch";
				HEADER_SEARCH_PATHS = "\"$(inherited)\"";
				INFOPLIST_FILE = "TechTA/TechTA-Info.plist";
				IPHONEOS_DEPLOYMENT_TARGET = 4.3;
				LIBRARY_SEARCH_PATHS = (
					"/User/shihsunnia/Library/Developer/Ext/UnittWebSocketClient/bin/$(CONFIGURATION)$(EFFECTIVE_PLATFORM_NAME)",
					"$(inherited)",
					"\"$(SRCROOT)\"",
					"\"$(SRCROOT)/../../../../../../Library/Developer/Ext/UnittWebSocketClient/bin/Debug-iphoneos\"",
					"\"$(SRCROOT)/../../../../../../Library/Developer/Ext/UnittWebSocketClient/bin/Debug-iphonesimulator\"",
				);
				ONLY_ACTIVE_ARCH = YES;
				OTHER_LDFLAGS = "-all_load";
				PRODUCT_NAME = "$(TARGET_NAME)";
				WRAPPER_EXTENSION = app;
			};
			name = Debug;
		};
		7BBDA3871647B6D8007A04AE /* Release */ = {
			isa = XCBuildConfiguration;
			buildSettings = {
				GCC_PRECOMPILE_PREFIX_HEADER = YES;
				GCC_PREFIX_HEADER = "TechTA/TechTA-Prefix.pch";
				HEADER_SEARCH_PATHS = "\"$(inherited)\"";
				INFOPLIST_FILE = "TechTA/TechTA-Info.plist";
				IPHONEOS_DEPLOYMENT_TARGET = 4.3;
				LIBRARY_SEARCH_PATHS = (
					"/User/shihsunnia/Library/Developer/Ext/UnittWebSocketClient/bin/$(CONFIGURATION)$(EFFECTIVE_PLATFORM_NAME)",
					"$(inherited)",
					"\"$(SRCROOT)\"",
					"\"$(SRCROOT)/../../../../../../Library/Developer/Ext/UnittWebSocketClient/bin/Debug-iphoneos\"",
					"\"$(SRCROOT)/../../../../../../Library/Developer/Ext/UnittWebSocketClient/bin/Debug-iphonesimulator\"",
				);
				ONLY_ACTIVE_ARCH = YES;
				OTHER_LDFLAGS = "-lsqlite3.0";
				PRODUCT_NAME = "$(TARGET_NAME)";
				WRAPPER_EXTENSION = app;
			};
			name = Release;
		};
		7BBDA3891647B6D8007A04AE /* Debug */ = {
			isa = XCBuildConfiguration;
			buildSettings = {
				BUNDLE_LOADER = "$(BUILT_PRODUCTS_DIR)/TechTA.app/TechTA";
				FRAMEWORK_SEARCH_PATHS = (
					"\"$(SDKROOT)/Developer/Library/Frameworks\"",
					"\"$(DEVELOPER_LIBRARY_DIR)/Frameworks\"",
				);
				GCC_PRECOMPILE_PREFIX_HEADER = YES;
				GCC_PREFIX_HEADER = "TechTA/TechTA-Prefix.pch";
				INFOPLIST_FILE = "TechTATests/TechTATests-Info.plist";
				PRODUCT_NAME = "$(TARGET_NAME)";
				TEST_HOST = "$(BUNDLE_LOADER)";
				WRAPPER_EXTENSION = octest;
			};
			name = Debug;
		};
		7BBDA38A1647B6D8007A04AE /* Release */ = {
			isa = XCBuildConfiguration;
			buildSettings = {
				BUNDLE_LOADER = "$(BUILT_PRODUCTS_DIR)/TechTA.app/TechTA";
				FRAMEWORK_SEARCH_PATHS = (
					"\"$(SDKROOT)/Developer/Library/Frameworks\"",
					"\"$(DEVELOPER_LIBRARY_DIR)/Frameworks\"",
				);
				GCC_PRECOMPILE_PREFIX_HEADER = YES;
				GCC_PREFIX_HEADER = "TechTA/TechTA-Prefix.pch";
				INFOPLIST_FILE = "TechTATests/TechTATests-Info.plist";
				PRODUCT_NAME = "$(TARGET_NAME)";
				TEST_HOST = "$(BUNDLE_LOADER)";
				WRAPPER_EXTENSION = octest;
			};
			name = Release;
		};
/* End XCBuildConfiguration section */

/* Begin XCConfigurationList section */
		7BBDA3461647B6D8007A04AE /* Build configuration list for PBXProject "TechTA" */ = {
			isa = XCConfigurationList;
			buildConfigurations = (
				7BBDA3831647B6D8007A04AE /* Debug */,
				7BBDA3841647B6D8007A04AE /* Release */,
			);
			defaultConfigurationIsVisible = 0;
			defaultConfigurationName = Release;
		};
		7BBDA3851647B6D8007A04AE /* Build configuration list for PBXNativeTarget "TechTA" */ = {
			isa = XCConfigurationList;
			buildConfigurations = (
				7BBDA3861647B6D8007A04AE /* Debug */,
				7BBDA3871647B6D8007A04AE /* Release */,
			);
			defaultConfigurationIsVisible = 0;
			defaultConfigurationName = Release;
		};
		7BBDA3881647B6D8007A04AE /* Build configuration list for PBXNativeTarget "TechTATests" */ = {
			isa = XCConfigurationList;
			buildConfigurations = (
				7BBDA3891647B6D8007A04AE /* Debug */,
				7BBDA38A1647B6D8007A04AE /* Release */,
			);
			defaultConfigurationIsVisible = 0;
			defaultConfigurationName = Release;
		};
/* End XCConfigurationList section */
	};
	rootObject = 7BBDA3431647B6D8007A04AE /* Project object */;
}
